
Microsoft Visual Studio Solution File, Format Version 12.00
# Visual Studio Version 17
VisualStudioVersion = 17.0.31919.166
MinimumVisualStudioVersion = 10.0.40219.1
Project("{FAE04EC0-301F-11D3-BF4B-00C04F79EFBC}") = "LogicalTypes", "LogicalTypes\LogicalTypes.csproj", "{46436E20-4FF3-47BF-9D18-4D72CAC57497}"
EndProject
Global
	GlobalSection(SolutionConfigurationPlatforms) = preSolution
		Debug|Any CPU = Debug|Any CPU
		Release|Any CPU = Release|Any CPU
	EndGlobalSection
	GlobalSection(ProjectConfigurationPlatforms) = postSolution
		{46436E20-4FF3-47BF-9D18-4D72CAC57497}.Debug|Any CPU.ActiveCfg = Debug|Any CPU
		{46436E20-4FF3-47BF-9D18-4D72CAC57497}.Debug|Any CPU.Build.0 = Debug|Any CPU
		{46436E20-4FF3-47BF-9D18-4D72CAC57497}.Release|Any CPU.ActiveCfg = Release|Any CPU
		{46436E20-4FF3-47BF-9D18-4D72CAC57497}.Release|Any CPU.Build.0 = Release|Any CPU
	EndGlobalSection
	GlobalSection(SolutionProperties) = preSolution
		HideSolutionNode = FALSE
	EndGlobalSection
	GlobalSection(ExtensibilityGlobals) = postSolution
		SolutionGuid = {C0C9E78F-35AE-439C-A7E3-E1D2FE396AC1}
	EndGlobalSection
EndGlobal
